
Microsoft Visual Studio Solution File, Format Version 12.00
# Visual Studio Version 17
VisualStudioVersion = 17.6.33712.159
MinimumVisualStudioVersion = 10.0.40219.1
Project("{8BC9CEB8-8B4A-11D0-8D11-00A0C91BC942}") = "Task_43_var2", "Task_43_var2.vcxproj", "{807BA9AE-DE08-4466-88F5-A3C54AF4E4ED}"
EndProject
Global
	GlobalSection(SolutionConfigurationPlatforms) = preSolution
		Debug|x64 = Debug|x64
		Debug|x86 = Debug|x86
		Release|x64 = Release|x64
		Release|x86 = Release|x86
	EndGlobalSection
	GlobalSection(ProjectConfigurationPlatforms) = postSolution
		{807BA9AE-DE08-4466-88F5-A3C54AF4E4ED}.Debug|x64.ActiveCfg = Debug|x64
		{807BA9AE-DE08-4466-88F5-A3C54AF4E4ED}.Debug|x64.Build.0 = Debug|x64
		{807BA9AE-DE08-4466-88F5-A3C54AF4E4ED}.Debug|x86.ActiveCfg = Debug|Win32
		{807BA9AE-DE08-4466-88F5-A3C54AF4E4ED}.Debug|x86.Build.0 = Debug|Win32
		{807BA9AE-DE08-4466-88F5-A3C54AF4E4ED}.Release|x64.ActiveCfg = Release|x64
		{807BA9AE-DE08-4466-88F5-A3C54AF4E4ED}.Release|x64.Build.0 = Release|x64
		{807BA9AE-DE08-4466-88F5-A3C54AF4E4ED}.Release|x86.ActiveCfg = Release|Win32
		{807BA9AE-DE08-4466-88F5-A3C54AF4E4ED}.Release|x86.Build.0 = Release|Win32
	EndGlobalSection
	GlobalSection(SolutionProperties) = preSolution
		HideSolutionNode = FALSE
	EndGlobalSection
	GlobalSection(ExtensibilityGlobals) = postSolution
		SolutionGuid = {65B9A2C3-92B4-4792-87C7-880F58B77BED}
	EndGlobalSection
EndGlobal
