
Microsoft Visual Studio Solution File, Format Version 12.00
# Visual Studio Version 17
VisualStudioVersion = 17.6.33712.159
MinimumVisualStudioVersion = 10.0.40219.1
Project("{8BC9CEB8-8B4A-11D0-8D11-00A0C91BC942}") = "Task_31", "Task_31.vcxproj", "{8B0EFA63-0E64-4611-8443-D2B8E0C3DEFD}"
EndProject
Global
	GlobalSection(SolutionConfigurationPlatforms) = preSolution
		Debug|x64 = Debug|x64
		Debug|x86 = Debug|x86
		Release|x64 = Release|x64
		Release|x86 = Release|x86
	EndGlobalSection
	GlobalSection(ProjectConfigurationPlatforms) = postSolution
		{8B0EFA63-0E64-4611-8443-D2B8E0C3DEFD}.Debug|x64.ActiveCfg = Debug|x64
		{8B0EFA63-0E64-4611-8443-D2B8E0C3DEFD}.Debug|x64.Build.0 = Debug|x64
		{8B0EFA63-0E64-4611-8443-D2B8E0C3DEFD}.Debug|x86.ActiveCfg = Debug|Win32
		{8B0EFA63-0E64-4611-8443-D2B8E0C3DEFD}.Debug|x86.Build.0 = Debug|Win32
		{8B0EFA63-0E64-4611-8443-D2B8E0C3DEFD}.Release|x64.ActiveCfg = Release|x64
		{8B0EFA63-0E64-4611-8443-D2B8E0C3DEFD}.Release|x64.Build.0 = Release|x64
		{8B0EFA63-0E64-4611-8443-D2B8E0C3DEFD}.Release|x86.ActiveCfg = Release|Win32
		{8B0EFA63-0E64-4611-8443-D2B8E0C3DEFD}.Release|x86.Build.0 = Release|Win32
	EndGlobalSection
	GlobalSection(SolutionProperties) = preSolution
		HideSolutionNode = FALSE
	EndGlobalSection
	GlobalSection(ExtensibilityGlobals) = postSolution
		SolutionGuid = {77FE3CB0-A602-433C-A9C8-9C716D047D8C}
	EndGlobalSection
EndGlobal
